
Microsoft Visual Studio Solution File, Format Version 12.00
# Visual Studio Version 17
VisualStudioVersion = 17.3.32901.215
MinimumVisualStudioVersion = 10.0.40219.1
Project("{FAE04EC0-301F-11D3-BF4B-00C04F79EFBC}") = "Cars, Assemble! - Exercism", "Cars, Assemble! - Exercism\Cars, Assemble! - Exercism.csproj", "{65E5EACE-E6A2-40E5-BAF1-33FEA99BDDBE}"
EndProject
Global
	GlobalSection(SolutionConfigurationPlatforms) = preSolution
		Debug|Any CPU = Debug|Any CPU
		Release|Any CPU = Release|Any CPU
	EndGlobalSection
	GlobalSection(ProjectConfigurationPlatforms) = postSolution
		{65E5EACE-E6A2-40E5-BAF1-33FEA99BDDBE}.Debug|Any CPU.ActiveCfg = Debug|Any CPU
		{65E5EACE-E6A2-40E5-BAF1-33FEA99BDDBE}.Debug|Any CPU.Build.0 = Debug|Any CPU
		{65E5EACE-E6A2-40E5-BAF1-33FEA99BDDBE}.Release|Any CPU.ActiveCfg = Release|Any CPU
		{65E5EACE-E6A2-40E5-BAF1-33FEA99BDDBE}.Release|Any CPU.Build.0 = Release|Any CPU
	EndGlobalSection
	GlobalSection(SolutionProperties) = preSolution
		HideSolutionNode = FALSE
	EndGlobalSection
	GlobalSection(ExtensibilityGlobals) = postSolution
		SolutionGuid = {F1843A73-010C-480E-B6AF-B6987830460F}
	EndGlobalSection
EndGlobal
